{
  "name": "interactivate",
  "version": "0.4.0",
  "lockfileVersion": 1,
  "requires": true,
  "dependencies": {
    "diffpatcher": {
      "version": "1.0.1",
      "resolved": "https://registry.npmjs.org/diffpatcher/-/diffpatcher-1.0.1.tgz",
      "integrity": "sha1-3jpf888TuLbkVtIRnaZhSEFBxaw=",
      "requires": {
        "method": "2.0.0"
      }
    },
    "method": {
      "version": "2.0.0",
      "resolved": "https://registry.npmjs.org/method/-/method-2.0.0.tgz",
      "integrity": "sha1-5EmEje+m2u8QuBY9nZqi0HG3UA8="
    }
  }
}
